// !$*UTF8*$!
{
	archiveVersion = 1;
	classes = {
	};
	objectVersion = 48;
	objects = {

/* Begin PBXBuildFile section */
		7D179FB8206D5173000BC066 /* KeyboardBoundView.swift in Sources */ = {isa = PBXBuildFile; fileRef = 7D179FB7206D5172000BC066 /* KeyboardBoundView.swift */; };
		7D24F15E206CFD3200054369 /* UIViewControllerExt.swift in Sources */ = {isa = PBXBuildFile; fileRef = 7D24F15D206CFD3200054369 /* UIViewControllerExt.swift */; };
		7D24F160206D055B00054369 /* UIViewExt.swift in Sources */ = {isa = PBXBuildFile; fileRef = 7D24F15F206D055B00054369 /* UIViewExt.swift */; };
		7D777D1D206CBD0C00DD990A /* AppDelegate.swift in Sources */ = {isa = PBXBuildFile; fileRef = 7D777D1C206CBD0C00DD990A /* AppDelegate.swift */; };
		7D777D1F206CBD0C00DD990A /* GoalsVC.swift in Sources */ = {isa = PBXBuildFile; fileRef = 7D777D1E206CBD0C00DD990A /* GoalsVC.swift */; };
		7D777D22206CBD0C00DD990A /* Main.storyboard in Resources */ = {isa = PBXBuildFile; fileRef = 7D777D20206CBD0C00DD990A /* Main.storyboard */; };
		7D777D25206CBD0C00DD990A /* GoalPost.xcdatamodeld in Sources */ = {isa = PBXBuildFile; fileRef = 7D777D23206CBD0C00DD990A /* GoalPost.xcdatamodeld */; };
		7D777D27206CBD0C00DD990A /* Assets.xcassets in Resources */ = {isa = PBXBuildFile; fileRef = 7D777D26206CBD0C00DD990A /* Assets.xcassets */; };
		7D777D2A206CBD0C00DD990A /* LaunchScreen.storyboard in Resources */ = {isa = PBXBuildFile; fileRef = 7D777D28206CBD0C00DD990A /* LaunchScreen.storyboard */; };
		7D777D36206CD6F600DD990A /* GoalCell.swift in Sources */ = {isa = PBXBuildFile; fileRef = 7D777D35206CD6F600DD990A /* GoalCell.swift */; };
		7D777D38206CEE7200DD990A /* GoalType.swift in Sources */ = {isa = PBXBuildFile; fileRef = 7D777D37206CEE7200DD990A /* GoalType.swift */; };
		7D777D3A206CF85100DD990A /* CreateGoalsVC.swift in Sources */ = {isa = PBXBuildFile; fileRef = 7D777D39206CF85100DD990A /* CreateGoalsVC.swift */; };
		7E31E69873F2765CAD00531A /* Pods_GoalPost.framework in Frameworks */ = {isa = PBXBuildFile; fileRef = 42A2525D6FA6415FDB2393CD /* Pods_GoalPost.framework */; };
/* End PBXBuildFile section */

/* Begin PBXFileReference section */
		42A2525D6FA6415FDB2393CD /* Pods_GoalPost.framework */ = {isa = PBXFileReference; explicitFileType = wrapper.framework; includeInIndex = 0; path = Pods_GoalPost.framework; sourceTree = BUILT_PRODUCTS_DIR; };
		734CCC555BB4615164EFACBD /* Pods-GoalPost.release.xcconfig */ = {isa = PBXFileReference; includeInIndex = 1; lastKnownFileType = text.xcconfig; name = "Pods-GoalPost.release.xcconfig"; path = "Pods/Target Support Files/Pods-GoalPost/Pods-GoalPost.release.xcconfig"; sourceTree = "<group>"; };
		7D179FB7206D5172000BC066 /* KeyboardBoundView.swift */ = {isa = PBXFileReference; fileEncoding = 4; lastKnownFileType = sourcecode.swift; path = KeyboardBoundView.swift; sourceTree = "<group>"; };
		7D24F15D206CFD3200054369 /* UIViewControllerExt.swift */ = {isa = PBXFileReference; lastKnownFileType = sourcecode.swift; path = UIViewControllerExt.swift; sourceTree = "<group>"; };
		7D24F15F206D055B00054369 /* UIViewExt.swift */ = {isa = PBXFileReference; lastKnownFileType = sourcecode.swift; path = UIViewExt.swift; sourceTree = "<group>"; };
		7D777D19206CBD0C00DD990A /* GoalPost.app */ = {isa = PBXFileReference; explicitFileType = wrapper.application; includeInIndex = 0; path = GoalPost.app; sourceTree = BUILT_PRODUCTS_DIR; };
		7D777D1C206CBD0C00DD990A /* AppDelegate.swift */ = {isa = PBXFileReference; lastKnownFileType = sourcecode.swift; path = AppDelegate.swift; sourceTree = "<group>"; };
		7D777D1E206CBD0C00DD990A /* GoalsVC.swift */ = {isa = PBXFileReference; lastKnownFileType = sourcecode.swift; path = GoalsVC.swift; sourceTree = "<group>"; };
		7D777D21206CBD0C00DD990A /* Base */ = {isa = PBXFileReference; lastKnownFileType = file.storyboard; name = Base; path = Base.lproj/Main.storyboard; sourceTree = "<group>"; };
		7D777D24206CBD0C00DD990A /* GoalPost.xcdatamodel */ = {isa = PBXFileReference; lastKnownFileType = wrapper.xcdatamodel; path = GoalPost.xcdatamodel; sourceTree = "<group>"; };
		7D777D26206CBD0C00DD990A /* Assets.xcassets */ = {isa = PBXFileReference; lastKnownFileType = folder.assetcatalog; path = Assets.xcassets; sourceTree = "<group>"; };
		7D777D29206CBD0C00DD990A /* Base */ = {isa = PBXFileReference; lastKnownFileType = file.storyboard; name = Base; path = Base.lproj/LaunchScreen.storyboard; sourceTree = "<group>"; };
		7D777D2B206CBD0C00DD990A /* Info.plist */ = {isa = PBXFileReference; lastKnownFileType = text.plist.xml; path = Info.plist; sourceTree = "<group>"; };
		7D777D35206CD6F600DD990A /* GoalCell.swift */ = {isa = PBXFileReference; lastKnownFileType = sourcecode.swift; path = GoalCell.swift; sourceTree = "<group>"; };
		7D777D37206CEE7200DD990A /* GoalType.swift */ = {isa = PBXFileReference; lastKnownFileType = sourcecode.swift; path = GoalType.swift; sourceTree = "<group>"; };
		7D777D39206CF85100DD990A /* CreateGoalsVC.swift */ = {isa = PBXFileReference; lastKnownFileType = sourcecode.swift; path = CreateGoalsVC.swift; sourceTree = "<group>"; };
		B010C998FC27B19E50736263 /* Pods-GoalPost.debug.xcconfig */ = {isa = PBXFileReference; includeInIndex = 1; lastKnownFileType = text.xcconfig; name = "Pods-GoalPost.debug.xcconfig"; path = "Pods/Target Support Files/Pods-GoalPost/Pods-GoalPost.debug.xcconfig"; sourceTree = "<group>"; };
/* End PBXFileReference section */

/* Begin PBXFrameworksBuildPhase section */
		7D777D16206CBD0C00DD990A /* Frameworks */ = {
			isa = PBXFrameworksBuildPhase;
			buildActionMask = 2147483647;
			files = (
				7E31E69873F2765CAD00531A /* Pods_GoalPost.framework in Frameworks */,
			);
			runOnlyForDeploymentPostprocessing = 0;
		};
/* End PBXFrameworksBuildPhase section */

/* Begin PBXGroup section */
		14DAFD72E2E1FB0D35717CF8 /* Pods */ = {
			isa = PBXGroup;
			children = (
				B010C998FC27B19E50736263 /* Pods-GoalPost.debug.xcconfig */,
				734CCC555BB4615164EFACBD /* Pods-GoalPost.release.xcconfig */,
			);
			name = Pods;
			sourceTree = "<group>";
		};
		7D777D10206CBD0C00DD990A = {
			isa = PBXGroup;
			children = (
				7D777D1B206CBD0C00DD990A /* GoalPost */,
				7D777D1A206CBD0C00DD990A /* Products */,
				14DAFD72E2E1FB0D35717CF8 /* Pods */,
				CF5624BFCFA5255A5650A9AC /* Frameworks */,
			);
			sourceTree = "<group>";
		};
		7D777D1A206CBD0C00DD990A /* Products */ = {
			isa = PBXGroup;
			children = (
				7D777D19206CBD0C00DD990A /* GoalPost.app */,
			);
			name = Products;
			sourceTree = "<group>";
		};
		7D777D1B206CBD0C00DD990A /* GoalPost */ = {
			isa = PBXGroup;
			children = (
				7D777D33206CBD3D00DD990A /* Extensions */,
				7D777D32206CBD3600DD990A /* Enums */,
				7D777D34206CD6D200DD990A /* View */,
				7D777D31206CBD2D00DD990A /* Controller */,
				7D777D1C206CBD0C00DD990A /* AppDelegate.swift */,
				7D777D20206CBD0C00DD990A /* Main.storyboard */,
				7D777D26206CBD0C00DD990A /* Assets.xcassets */,
				7D777D28206CBD0C00DD990A /* LaunchScreen.storyboard */,
				7D777D2B206CBD0C00DD990A /* Info.plist */,
				7D777D23206CBD0C00DD990A /* GoalPost.xcdatamodeld */,
			);
			path = GoalPost;
			sourceTree = "<group>";
		};
		7D777D31206CBD2D00DD990A /* Controller */ = {
			isa = PBXGroup;
			children = (
				7D777D1E206CBD0C00DD990A /* GoalsVC.swift */,
				7D777D39206CF85100DD990A /* CreateGoalsVC.swift */,
			);
			path = Controller;
			sourceTree = "<group>";
		};
		7D777D32206CBD3600DD990A /* Enums */ = {
			isa = PBXGroup;
			children = (
				7D777D37206CEE7200DD990A /* GoalType.swift */,
			);
			path = Enums;
			sourceTree = "<group>";
		};
		7D777D33206CBD3D00DD990A /* Extensions */ = {
			isa = PBXGroup;
			children = (
				7D24F15D206CFD3200054369 /* UIViewControllerExt.swift */,
				7D24F15F206D055B00054369 /* UIViewExt.swift */,
				7D179FB7206D5172000BC066 /* KeyboardBoundView.swift */,
			);
			path = Extensions;
			sourceTree = "<group>";
		};
		7D777D34206CD6D200DD990A /* View */ = {
			isa = PBXGroup;
			children = (
				7D777D35206CD6F600DD990A /* GoalCell.swift */,
			);
			path = View;
			sourceTree = "<group>";
		};
		CF5624BFCFA5255A5650A9AC /* Frameworks */ = {
			isa = PBXGroup;
			children = (
				42A2525D6FA6415FDB2393CD /* Pods_GoalPost.framework */,
			);
			name = Frameworks;
			sourceTree = "<group>";
		};
/* End PBXGroup section */

/* Begin PBXNativeTarget section */
		7D777D18206CBD0C00DD990A /* GoalPost */ = {
			isa = PBXNativeTarget;
			buildConfigurationList = 7D777D2E206CBD0C00DD990A /* Build configuration list for PBXNativeTarget "GoalPost" */;
			buildPhases = (
				BE8A1DB49D815728B880E29E /* [CP] Check Pods Manifest.lock */,
				7D777D15206CBD0C00DD990A /* Sources */,
				7D777D16206CBD0C00DD990A /* Frameworks */,
				7D777D17206CBD0C00DD990A /* Resources */,
				FBE985DF97A0D8A8F66EE26E /* [CP] Embed Pods Frameworks */,
				E1103AA1488FCAC1E22B78BE /* [CP] Copy Pods Resources */,
			);
			buildRules = (
			);
			dependencies = (
			);
			name = GoalPost;
			productName = GoalPost;
			productReference = 7D777D19206CBD0C00DD990A /* GoalPost.app */;
			productType = "com.apple.product-type.application";
		};
/* End PBXNativeTarget section */

/* Begin PBXProject section */
		7D777D11206CBD0C00DD990A /* Project object */ = {
			isa = PBXProject;
			attributes = {
				LastSwiftUpdateCheck = 0920;
				LastUpgradeCheck = 0920;
				ORGANIZATIONNAME = "Sohel Dhengre";
				TargetAttributes = {
					7D777D18206CBD0C00DD990A = {
						CreatedOnToolsVersion = 9.2;
						ProvisioningStyle = Automatic;
					};
				};
			};
			buildConfigurationList = 7D777D14206CBD0C00DD990A /* Build configuration list for PBXProject "GoalPost" */;
			compatibilityVersion = "Xcode 8.0";
			developmentRegion = en;
			hasScannedForEncodings = 0;
			knownRegions = (
				en,
				Base,
			);
			mainGroup = 7D777D10206CBD0C00DD990A;
			productRefGroup = 7D777D1A206CBD0C00DD990A /* Products */;
			projectDirPath = "";
			projectRoot = "";
			targets = (
				7D777D18206CBD0C00DD990A /* GoalPost */,
			);
		};
/* End PBXProject section */

/* Begin PBXResourcesBuildPhase section */
		7D777D17206CBD0C00DD990A /* Resources */ = {
			isa = PBXResourcesBuildPhase;
			buildActionMask = 2147483647;
			files = (
				7D777D2A206CBD0C00DD990A /* LaunchScreen.storyboard in Resources */,
				7D777D27206CBD0C00DD990A /* Assets.xcassets in Resources */,
				7D777D22206CBD0C00DD990A /* Main.storyboard in Resources */,
			);
			runOnlyForDeploymentPostprocessing = 0;
		};
/* End PBXResourcesBuildPhase section */

/* Begin PBXShellScriptBuildPhase section */
		BE8A1DB49D815728B880E29E /* [CP] Check Pods Manifest.lock */ = {
			isa = PBXShellScriptBuildPhase;
			buildActionMask = 2147483647;
			files = (
			);
			inputPaths = (
				"${PODS_PODFILE_DIR_PATH}/Podfile.lock",
				"${PODS_ROOT}/Manifest.lock",
			);
			name = "[CP] Check Pods Manifest.lock";
			outputPaths = (
				"$(DERIVED_FILE_DIR)/Pods-GoalPost-checkManifestLockResult.txt",
			);
			runOnlyForDeploymentPostprocessing = 0;
			shellPath = /bin/sh;
			shellScript = "diff \"${PODS_PODFILE_DIR_PATH}/Podfile.lock\" \"${PODS_ROOT}/Manifest.lock\" > /dev/null\nif [ $? != 0 ] ; then\n    # print error to STDERR\n    echo \"error: The sandbox is not in sync with the Podfile.lock. Run 'pod install' or update your CocoaPods installation.\" >&2\n    exit 1\nfi\n# This output is used by Xcode 'outputs' to avoid re-running this script phase.\necho \"SUCCESS\" > \"${SCRIPT_OUTPUT_FILE_0}\"\n";
			showEnvVarsInLog = 0;
		};
		E1103AA1488FCAC1E22B78BE /* [CP] Copy Pods Resources */ = {
			isa = PBXShellScriptBuildPhase;
			buildActionMask = 2147483647;
			files = (
			);
			inputPaths = (
			);
			name = "[CP] Copy Pods Resources";
			outputPaths = (
			);
			runOnlyForDeploymentPostprocessing = 0;
			shellPath = /bin/sh;
			shellScript = "\"${SRCROOT}/Pods/Target Support Files/Pods-GoalPost/Pods-GoalPost-resources.sh\"\n";
			showEnvVarsInLog = 0;
		};
		FBE985DF97A0D8A8F66EE26E /* [CP] Embed Pods Frameworks */ = {
			isa = PBXShellScriptBuildPhase;
			buildActionMask = 2147483647;
			files = (
			);
			inputPaths = (
				"${SRCROOT}/Pods/Target Support Files/Pods-GoalPost/Pods-GoalPost-frameworks.sh",
				"${BUILT_PRODUCTS_DIR}/IQKeyboardManagerSwift/IQKeyboardManagerSwift.framework",
			);
			name = "[CP] Embed Pods Frameworks";
			outputPaths = (
				"${TARGET_BUILD_DIR}/${FRAMEWORKS_FOLDER_PATH}/IQKeyboardManagerSwift.framework",
			);
			runOnlyForDeploymentPostprocessing = 0;
			shellPath = /bin/sh;
			shellScript = "\"${SRCROOT}/Pods/Target Support Files/Pods-GoalPost/Pods-GoalPost-frameworks.sh\"\n";
			showEnvVarsInLog = 0;
		};
/* End PBXShellScriptBuildPhase section */

/* Begin PBXSourcesBuildPhase section */
		7D777D15206CBD0C00DD990A /* Sources */ = {
			isa = PBXSourcesBuildPhase;
			buildActionMask = 2147483647;
			files = (
				7D777D36206CD6F600DD990A /* GoalCell.swift in Sources */,
				7D777D38206CEE7200DD990A /* GoalType.swift in Sources */,
				7D179FB8206D5173000BC066 /* KeyboardBoundView.swift in Sources */,
				7D777D1F206CBD0C00DD990A /* GoalsVC.swift in Sources */,
				7D777D1D206CBD0C00DD990A /* AppDelegate.swift in Sources */,
				7D24F160206D055B00054369 /* UIViewExt.swift in Sources */,
				7D777D25206CBD0C00DD990A /* GoalPost.xcdatamodeld in Sources */,
				7D24F15E206CFD3200054369 /* UIViewControllerExt.swift in Sources */,
				7D777D3A206CF85100DD990A /* CreateGoalsVC.swift in Sources */,
			);
			runOnlyForDeploymentPostprocessing = 0;
		};
/* End PBXSourcesBuildPhase section */

/* Begin PBXVariantGroup section */
		7D777D20206CBD0C00DD990A /* Main.storyboard */ = {
			isa = PBXVariantGroup;
			children = (
				7D777D21206CBD0C00DD990A /* Base */,
			);
			name = Main.storyboard;
			sourceTree = "<group>";
		};
		7D777D28206CBD0C00DD990A /* LaunchScreen.storyboard */ = {
			isa = PBXVariantGroup;
			children = (
				7D777D29206CBD0C00DD990A /* Base */,
			);
			name = LaunchScreen.storyboard;
			sourceTree = "<group>";
		};
/* End PBXVariantGroup section */

/* Begin XCBuildConfiguration section */
		7D777D2C206CBD0C00DD990A /* Debug */ = {
			isa = XCBuildConfiguration;
			buildSettings = {
				ALWAYS_SEARCH_USER_PATHS = NO;
				CLANG_ANALYZER_NONNULL = YES;
				CLANG_ANALYZER_NUMBER_OBJECT_CONVERSION = YES_AGGRESSIVE;
				CLANG_CXX_LANGUAGE_STANDARD = "gnu++14";
				CLANG_CXX_LIBRARY = "libc++";
				CLANG_ENABLE_MODULES = YES;
				CLANG_ENABLE_OBJC_ARC = YES;
				CLANG_WARN_BLOCK_CAPTURE_AUTORELEASING = YES;
				CLANG_WARN_BOOL_CONVERSION = YES;
				CLANG_WARN_COMMA = YES;
				CLANG_WARN_CONSTANT_CONVERSION = YES;
				CLANG_WARN_DIRECT_OBJC_ISA_USAGE = YES_ERROR;
				CLANG_WARN_DOCUMENTATION_COMMENTS = YES;
				CLANG_WARN_EMPTY_BODY = YES;
				CLANG_WARN_ENUM_CONVERSION = YES;
				CLANG_WARN_INFINITE_RECURSION = YES;
				CLANG_WARN_INT_CONVERSION = YES;
				CLANG_WARN_NON_LITERAL_NULL_CONVERSION = YES;
				CLANG_WARN_OBJC_LITERAL_CONVERSION = YES;
				CLANG_WARN_OBJC_ROOT_CLASS = YES_ERROR;
				CLANG_WARN_RANGE_LOOP_ANALYSIS = YES;
				CLANG_WARN_STRICT_PROTOTYPES = YES;
				CLANG_WARN_SUSPICIOUS_MOVE = YES;
				CLANG_WARN_UNGUARDED_AVAILABILITY = YES_AGGRESSIVE;
				CLANG_WARN_UNREACHABLE_CODE = YES;
				CLANG_WARN__DUPLICATE_METHOD_MATCH = YES;
				CODE_SIGN_IDENTITY = "iPhone Developer";
				COPY_PHASE_STRIP = NO;
				DEBUG_INFORMATION_FORMAT = dwarf;
				ENABLE_STRICT_OBJC_MSGSEND = YES;
				ENABLE_TESTABILITY = YES;
				GCC_C_LANGUAGE_STANDARD = gnu11;
				GCC_DYNAMIC_NO_PIC = NO;
				GCC_NO_COMMON_BLOCKS = YES;
				GCC_OPTIMIZATION_LEVEL = 0;
				GCC_PREPROCESSOR_DEFINITIONS = (
					"DEBUG=1",
					"$(inherited)",
				);
				GCC_WARN_64_TO_32_BIT_CONVERSION = YES;
				GCC_WARN_ABOUT_RETURN_TYPE = YES_ERROR;
				GCC_WARN_UNDECLARED_SELECTOR = YES;
				GCC_WARN_UNINITIALIZED_AUTOS = YES_AGGRESSIVE;
				GCC_WARN_UNUSED_FUNCTION = YES;
				GCC_WARN_UNUSED_VARIABLE = YES;
				IPHONEOS_DEPLOYMENT_TARGET = 11.2;
				MTL_ENABLE_DEBUG_INFO = YES;
				ONLY_ACTIVE_ARCH = YES;
				SDKROOT = iphoneos;
				SWIFT_ACTIVE_COMPILATION_CONDITIONS = DEBUG;
				SWIFT_OPTIMIZATION_LEVEL = "-Onone";
			};
			name = Debug;
		};
		7D777D2D206CBD0C00DD990A /* Release */ = {
			isa = XCBuildConfiguration;
			buildSettings = {
				ALWAYS_SEARCH_USER_PATHS = NO;
				CLANG_ANALYZER_NONNULL = YES;
				CLANG_ANALYZER_NUMBER_OBJECT_CONVERSION = YES_AGGRESSIVE;
				CLANG_CXX_LANGUAGE_STANDARD = "gnu++14";
				CLANG_CXX_LIBRARY = "libc++";
				CLANG_ENABLE_MODULES = YES;
				CLANG_ENABLE_OBJC_ARC = YES;
				CLANG_WARN_BLOCK_CAPTURE_AUTORELEASING = YES;
				CLANG_WARN_BOOL_CONVERSION = YES;
				CLANG_WARN_COMMA = YES;
				CLANG_WARN_CONSTANT_CONVERSION = YES;
				CLANG_WARN_DIRECT_OBJC_ISA_USAGE = YES_ERROR;
				CLANG_WARN_DOCUMENTATION_COMMENTS = YES;
				CLANG_WARN_EMPTY_BODY = YES;
				CLANG_WARN_ENUM_CONVERSION = YES;
				CLANG_WARN_INFINITE_RECURSION = YES;
				CLANG_WARN_INT_CONVERSION = YES;
				CLANG_WARN_NON_LITERAL_NULL_CONVERSION = YES;
				CLANG_WARN_OBJC_LITERAL_CONVERSION = YES;
				CLANG_WARN_OBJC_ROOT_CLASS = YES_ERROR;
				CLANG_WARN_RANGE_LOOP_ANALYSIS = YES;
				CLANG_WARN_STRICT_PROTOTYPES = YES;
				CLANG_WARN_SUSPICIOUS_MOVE = YES;
				CLANG_WARN_UNGUARDED_AVAILABILITY = YES_AGGRESSIVE;
				CLANG_WARN_UNREACHABLE_CODE = YES;
				CLANG_WARN__DUPLICATE_METHOD_MATCH = YES;
				CODE_SIGN_IDENTITY = "iPhone Developer";
				COPY_PHASE_STRIP = NO;
				DEBUG_INFORMATION_FORMAT = "dwarf-with-dsym";
				ENABLE_NS_ASSERTIONS = NO;
				ENABLE_STRICT_OBJC_MSGSEND = YES;
				GCC_C_LANGUAGE_STANDARD = gnu11;
				GCC_NO_COMMON_BLOCKS = YES;
				GCC_WARN_64_TO_32_BIT_CONVERSION = YES;
				GCC_WARN_ABOUT_RETURN_TYPE = YES_ERROR;
				GCC_WARN_UNDECLARED_SELECTOR = YES;
				GCC_WARN_UNINITIALIZED_AUTOS = YES_AGGRESSIVE;
				GCC_WARN_UNUSED_FUNCTION = YES;
				GCC_WARN_UNUSED_VARIABLE = YES;
				IPHONEOS_DEPLOYMENT_TARGET = 11.2;
				MTL_ENABLE_DEBUG_INFO = NO;
				SDKROOT = iphoneos;
				SWIFT_OPTIMIZATION_LEVEL = "-Owholemodule";
				VALIDATE_PRODUCT = YES;
			};
			name = Release;
		};
		7D777D2F206CBD0C00DD990A /* Debug */ = {
			isa = XCBuildConfiguration;
			baseConfigurationReference = B010C998FC27B19E50736263 /* Pods-GoalPost.debug.xcconfig */;
			buildSettings = {
				ASSETCATALOG_COMPILER_APPICON_NAME = AppIcon;
				CODE_SIGN_STYLE = Automatic;
				DEVELOPMENT_TEAM = QZQ8W9VH7K;
				INFOPLIST_FILE = GoalPost/Info.plist;
				IPHONEOS_DEPLOYMENT_TARGET = 11.1;
				LD_RUNPATH_SEARCH_PATHS = "$(inherited) @executable_path/Frameworks";
				PRODUCT_BUNDLE_IDENTIFIER = Nick.GoalPost;
				PRODUCT_NAME = "$(TARGET_NAME)";
				SWIFT_VERSION = 4.0;
				TARGETED_DEVICE_FAMILY = "1,2";
			};
			name = Debug;
		};
		7D777D30206CBD0C00DD990A /* Release */ = {
			isa = XCBuildConfiguration;
			baseConfigurationReference = 734CCC555BB4615164EFACBD /* Pods-GoalPost.release.xcconfig */;
			buildSettings = {
				ASSETCATALOG_COMPILER_APPICON_NAME = AppIcon;
				CODE_SIGN_STYLE = Automatic;
				DEVELOPMENT_TEAM = QZQ8W9VH7K;
				INFOPLIST_FILE = GoalPost/Info.plist;
				IPHONEOS_DEPLOYMENT_TARGET = 11.1;
				LD_RUNPATH_SEARCH_PATHS = "$(inherited) @executable_path/Frameworks";
				PRODUCT_BUNDLE_IDENTIFIER = Nick.GoalPost;
				PRODUCT_NAME = "$(TARGET_NAME)";
				SWIFT_VERSION = 4.0;
				TARGETED_DEVICE_FAMILY = "1,2";
			};
			name = Release;
		};
/* End XCBuildConfiguration section */

/* Begin XCConfigurationList section */
		7D777D14206CBD0C00DD990A /* Build configuration list for PBXProject "GoalPost" */ = {
			isa = XCConfigurationList;
			buildConfigurations = (
				7D777D2C206CBD0C00DD990A /* Debug */,
				7D777D2D206CBD0C00DD990A /* Release */,
			);
			defaultConfigurationIsVisible = 0;
			defaultConfigurationName = Release;
		};
		7D777D2E206CBD0C00DD990A /* Build configuration list for PBXNativeTarget "GoalPost" */ = {
			isa = XCConfigurationList;
			buildConfigurations = (
				7D777D2F206CBD0C00DD990A /* Debug */,
				7D777D30206CBD0C00DD990A /* Release */,
			);
			defaultConfigurationIsVisible = 0;
			defaultConfigurationName = Release;
		};
/* End XCConfigurationList section */

/* Begin XCVersionGroup section */
		7D777D23206CBD0C00DD990A /* GoalPost.xcdatamodeld */ = {
			isa = XCVersionGroup;
			children = (
				7D777D24206CBD0C00DD990A /* GoalPost.xcdatamodel */,
			);
			currentVersion = 7D777D24206CBD0C00DD990A /* GoalPost.xcdatamodel */;
			path = GoalPost.xcdatamodeld;
			sourceTree = "<group>";
			versionGroupType = wrapper.xcdatamodel;
		};
/* End XCVersionGroup section */
	};
	rootObject = 7D777D11206CBD0C00DD990A /* Project object */;
}
